
Microsoft Visual Studio Solution File, Format Version 12.00
# Visual Studio Version 17
VisualStudioVersion = 17.13.35617.110 d17.13
MinimumVisualStudioVersion = 10.0.40219.1
Project("{FAE04EC0-301F-11D3-BF4B-00C04F79EFBC}") = "MyFinancialCrm", "MyFinancialCrm\MyFinancialCrm.csproj", "{CFA29ADC-11A5-4F24-B738-0D25E0997FC8}"
EndProject
Global
	GlobalSection(SolutionConfigurationPlatforms) = preSolution
		Debug|Any CPU = Debug|Any CPU
		Release|Any CPU = Release|Any CPU
	EndGlobalSection
	GlobalSection(ProjectConfigurationPlatforms) = postSolution
		{CFA29ADC-11A5-4F24-B738-0D25E0997FC8}.Debug|Any CPU.ActiveCfg = Debug|Any CPU
		{CFA29ADC-11A5-4F24-B738-0D25E0997FC8}.Debug|Any CPU.Build.0 = Debug|Any CPU
		{CFA29ADC-11A5-4F24-B738-0D25E0997FC8}.Release|Any CPU.ActiveCfg = Release|Any CPU
		{CFA29ADC-11A5-4F24-B738-0D25E0997FC8}.Release|Any CPU.Build.0 = Release|Any CPU
	EndGlobalSection
	GlobalSection(SolutionProperties) = preSolution
		HideSolutionNode = FALSE
	EndGlobalSection
	GlobalSection(ExtensibilityGlobals) = postSolution
		SolutionGuid = {77FD829E-3CE9-4C05-B879-B7233FC713C0}
	EndGlobalSection
EndGlobal
